
Microsoft Visual Studio Solution File, Format Version 12.00
# Visual Studio Version 16
VisualStudioVersion = 16.0.29728.190
MinimumVisualStudioVersion = 10.0.40219.1
Project("{FAE04EC0-301F-11D3-BF4B-00C04F79EFBC}") = "Employer", "Employer\Employer.csproj", "{D5CAE32B-0FAC-4686-A709-CC02C8FFFD73}"
EndProject
Project("{FAE04EC0-301F-11D3-BF4B-00C04F79EFBC}") = "Employer.Tests", "Employer.Tests\Employer.Tests.csproj", "{FE9DCCB3-7862-471E-860E-B3743FC72A36}"
EndProject
Global
	GlobalSection(SolutionConfigurationPlatforms) = preSolution
		Debug|Any CPU = Debug|Any CPU
		Release|Any CPU = Release|Any CPU
	EndGlobalSection
	GlobalSection(ProjectConfigurationPlatforms) = postSolution
		{D5CAE32B-0FAC-4686-A709-CC02C8FFFD73}.Debug|Any CPU.ActiveCfg = Debug|Any CPU
		{D5CAE32B-0FAC-4686-A709-CC02C8FFFD73}.Debug|Any CPU.Build.0 = Debug|Any CPU
		{D5CAE32B-0FAC-4686-A709-CC02C8FFFD73}.Release|Any CPU.ActiveCfg = Release|Any CPU
		{D5CAE32B-0FAC-4686-A709-CC02C8FFFD73}.Release|Any CPU.Build.0 = Release|Any CPU
		{FE9DCCB3-7862-471E-860E-B3743FC72A36}.Debug|Any CPU.ActiveCfg = Debug|Any CPU
		{FE9DCCB3-7862-471E-860E-B3743FC72A36}.Debug|Any CPU.Build.0 = Debug|Any CPU
		{FE9DCCB3-7862-471E-860E-B3743FC72A36}.Release|Any CPU.ActiveCfg = Release|Any CPU
		{FE9DCCB3-7862-471E-860E-B3743FC72A36}.Release|Any CPU.Build.0 = Release|Any CPU
	EndGlobalSection
	GlobalSection(SolutionProperties) = preSolution
		HideSolutionNode = FALSE
	EndGlobalSection
	GlobalSection(ExtensibilityGlobals) = postSolution
		SolutionGuid = {362B7AC7-696D-4B20-9B38-B971069D170E}
	EndGlobalSection
EndGlobal
